
Microsoft Visual Studio Solution File, Format Version 12.00
# Visual Studio Version 16
VisualStudioVersion = 16.0.29709.97
MinimumVisualStudioVersion = 10.0.40219.1
Project("{FAE04EC0-301F-11D3-BF4B-00C04F79EFBC}") = "Image And AVI Capture", "Image And AVI Capture\Image And AVI Capture.csproj", "{5CE902DD-5118-4C9B-8305-78EBEDF951DC}"
EndProject
Project("{2150E333-8FDC-42A3-9474-1A3956D46DE8}") = "Solution Items", "Solution Items", "{F1942738-A657-4570-AE5A-1C661D74302D}"
EndProject
Global
	GlobalSection(SolutionConfigurationPlatforms) = preSolution
		Debug|x64 = Debug|x64
		Debug|x86 = Debug|x86
		Release|x64 = Release|x64
		Release|x86 = Release|x86
	EndGlobalSection
	GlobalSection(ProjectConfigurationPlatforms) = postSolution
		{5CE902DD-5118-4C9B-8305-78EBEDF951DC}.Debug|x64.ActiveCfg = Debug|x64
		{5CE902DD-5118-4C9B-8305-78EBEDF951DC}.Debug|x64.Build.0 = Debug|x64
		{5CE902DD-5118-4C9B-8305-78EBEDF951DC}.Debug|x86.ActiveCfg = Debug|x86
		{5CE902DD-5118-4C9B-8305-78EBEDF951DC}.Debug|x86.Build.0 = Debug|x86
		{5CE902DD-5118-4C9B-8305-78EBEDF951DC}.Release|x64.ActiveCfg = Release|x64
		{5CE902DD-5118-4C9B-8305-78EBEDF951DC}.Release|x64.Build.0 = Release|x64
		{5CE902DD-5118-4C9B-8305-78EBEDF951DC}.Release|x86.ActiveCfg = Release|x86
		{5CE902DD-5118-4C9B-8305-78EBEDF951DC}.Release|x86.Build.0 = Release|x86
	EndGlobalSection
	GlobalSection(SolutionProperties) = preSolution
		HideSolutionNode = FALSE
	EndGlobalSection
	GlobalSection(ExtensibilityGlobals) = postSolution
		SolutionGuid = {6E66E79E-7026-46BF-8B24-E72192ABF132}
	EndGlobalSection
EndGlobal
